{
  "name": "101",
  "version": "1.0.0",
  "lockfileVersion": 2,
  "requires": true,
  "packages": {
    "": {
      "name": "101",
      "version": "1.0.0",
      "license": "ISC",
      "dependencies": {
        "@picocss/pico": "^1.4.1"
      },
      "devDependencies": {}
    },
    "node_modules/@picocss/pico": {
      "version": "1.4.1",
      "resolved": "https://registry.npmjs.org/@picocss/pico/-/pico-1.4.1.tgz",
      "integrity": "sha512-YVIeo/021QhPk0/BuJBbNwrM1/v7R1PaJ9I4XhIrA8S5bswmR3SET23SbXHohCQ7ozHyAZnjpmDW7ZKbZIuApw=="
    }
  },
  "dependencies": {
    "@picocss/pico": {
      "version": "1.4.1",
      "resolved": "https://registry.npmjs.org/@picocss/pico/-/pico-1.4.1.tgz",
      "integrity": "sha512-YVIeo/021QhPk0/BuJBbNwrM1/v7R1PaJ9I4XhIrA8S5bswmR3SET23SbXHohCQ7ozHyAZnjpmDW7ZKbZIuApw=="
    }
  }
}
