{
  "name": "css-remedy",
  "version": "1.0.0",
  "lockfileVersion": 2,
  "requires": true,
  "packages": {
    "": {
      "name": "css-remedy",
      "version": "1.0.0",
      "license": "ISC",
      "dependencies": {
        "cssremedy": "^0.1.0-beta.2"
      }
    },
    "node_modules/cssremedy": {
      "version": "0.1.0-beta.2",
      "resolved": "https://registry.npmjs.org/cssremedy/-/cssremedy-0.1.0-beta.2.tgz",
      "integrity": "sha512-6mpPQzoUQHY7fiAxWCQDgPz73j5ugz2LqU62BLohUsxYurYLdTHQc+ilPm4i52wU2SxzPTrcRMIdniE2zGfjOA=="
    }
  },
  "dependencies": {
    "cssremedy": {
      "version": "0.1.0-beta.2",
      "resolved": "https://registry.npmjs.org/cssremedy/-/cssremedy-0.1.0-beta.2.tgz",
      "integrity": "sha512-6mpPQzoUQHY7fiAxWCQDgPz73j5ugz2LqU62BLohUsxYurYLdTHQc+ilPm4i52wU2SxzPTrcRMIdniE2zGfjOA=="
    }
  }
}
